Microsoft Visual Studio Solution File, Format Version 8.00
Project("{8BC9CEB8-8B4A-11D0-8D11-00A0C91BC942}") = "apps_bkdtree_build_bkdtree", "apps_bkdtree_build_bkdtree\apps_bkdtree_build_bkdtree.vcproj", "{06A49A4F-2336-4C30-9B62-4DFD140BE2B6}"
	ProjectSection(ProjectDependencies) = postProject
	EndProjectSection
EndProject
Project("{8BC9CEB8-8B4A-11D0-8D11-00A0C91BC942}") = "apps_bkdtree_build_btree", "apps_bkdtree_build_btree\apps_bkdtree_build_btree.vcproj", "{883F52CC-D6EF-41C8-A55F-DC871E8BDBCE}"
	ProjectSection(ProjectDependencies) = postProject
	EndProjectSection
EndProject
Project("{8BC9CEB8-8B4A-11D0-8D11-00A0C91BC942}") = "apps_bkdtree_build_kdbtree", "apps_bkdtree_build_kdbtree\apps_bkdtree_build_kdbtree.vcproj", "{E41300B4-1767-4AA1-AFA7-8894B7C349C5}"
	ProjectSection(ProjectDependencies) = postProject
	EndProjectSection
EndProject
Project("{8BC9CEB8-8B4A-11D0-8D11-00A0C91BC942}") = "apps_bkdtree_datagen", "apps_bkdtree_datagen\apps_bkdtree_datagen.vcproj", "{674458EC-9EAD-42D1-B79B-F718F286A548}"
	ProjectSection(ProjectDependencies) = postProject
	EndProjectSection
EndProject
Project("{8BC9CEB8-8B4A-11D0-8D11-00A0C91BC942}") = "apps_convex_hull", "apps_convex_hull\apps_convex_hull.vcproj", "{B0BCC107-42B8-4F87-BD8E-1A3A0C263F93}"
	ProjectSection(ProjectDependencies) = postProject
	EndProjectSection
EndProject
Project("{8BC9CEB8-8B4A-11D0-8D11-00A0C91BC942}") = "apps_list_rank", "apps_list_rank\apps_list_rank.vcproj", "{BDF37B02-EC48-44FD-8612-7C112AB89AB9}"
	ProjectSection(ProjectDependencies) = postProject
	EndProjectSection
EndProject
Project("{8BC9CEB8-8B4A-11D0-8D11-00A0C91BC942}") = "apps_nas_benchmarks_nas_cg", "apps_nas_benchmarks_nas_cg\apps_nas_benchmarks_nas_cg.vcproj", "{ECF05A26-C599-4E37-82D5-5844E19A6F81}"
	ProjectSection(ProjectDependencies) = postProject
	EndProjectSection
EndProject
Project("{8BC9CEB8-8B4A-11D0-8D11-00A0C91BC942}") = "apps_nas_benchmarks_nas_ep", "apps_nas_benchmarks_nas_ep\apps_nas_benchmarks_nas_ep.vcproj", "{51DE1378-DDD1-443E-87B4-DAA619EB6F78}"
	ProjectSection(ProjectDependencies) = postProject
	EndProjectSection
EndProject
Project("{8BC9CEB8-8B4A-11D0-8D11-00A0C91BC942}") = "apps_nas_benchmarks_nas_ep2", "apps_nas_benchmarks_nas_ep2\apps_nas_benchmarks_nas_ep2.vcproj", "{13BF7B60-7554-48A5-ADB4-2E61EDE89A00}"
	ProjectSection(ProjectDependencies) = postProject
	EndProjectSection
EndProject
Project("{8BC9CEB8-8B4A-11D0-8D11-00A0C91BC942}") = "apps_nas_benchmarks_nas_ep_mm", "apps_nas_benchmarks_nas_ep_mm\apps_nas_benchmarks_nas_ep_mm.vcproj", "{8C851A39-7F7E-4B81-A81A-BD367B71227E}"
	ProjectSection(ProjectDependencies) = postProject
	EndProjectSection
EndProject
Project("{8BC9CEB8-8B4A-11D0-8D11-00A0C91BC942}") = "apps_nas_benchmarks_nas_is", "apps_nas_benchmarks_nas_is\apps_nas_benchmarks_nas_is.vcproj", "{590F7388-EB6F-4B59-9AA1-F29482F2EA32}"
	ProjectSection(ProjectDependencies) = postProject
	EndProjectSection
EndProject
Project("{8BC9CEB8-8B4A-11D0-8D11-00A0C91BC942}") = "apps_nas_benchmarks_smooth", "apps_nas_benchmarks_smooth\apps_nas_benchmarks_smooth.vcproj", "{87669CB2-66F4-4CB7-8276-5E3B7928AC0D}"
	ProjectSection(ProjectDependencies) = postProject
	EndProjectSection
EndProject
Project("{8BC9CEB8-8B4A-11D0-8D11-00A0C91BC942}") = "apps_rtree_ascii2stream", "apps_rtree_ascii2stream\apps_rtree_ascii2stream.vcproj", "{6DB66138-FB76-4B87-BC04-A6478FEF0543}"
	ProjectSection(ProjectDependencies) = postProject
	EndProjectSection
EndProject
Project("{8BC9CEB8-8B4A-11D0-8D11-00A0C91BC942}") = "apps_rtree_build_rtree", "apps_rtree_build_rtree\apps_rtree_build_rtree.vcproj", "{AAB9AFA1-9B6A-4B46-8AF8-B6324A51CA3D}"
	ProjectSection(ProjectDependencies) = postProject
	EndProjectSection
EndProject
Project("{8BC9CEB8-8B4A-11D0-8D11-00A0C91BC942}") = "apps_rtree_mbr", "apps_rtree_mbr\apps_rtree_mbr.vcproj", "{3216A2E4-3A24-4D7B-B3A9-3C941AB5441B}"
	ProjectSection(ProjectDependencies) = postProject
	EndProjectSection
EndProject
Project("{8BC9CEB8-8B4A-11D0-8D11-00A0C91BC942}") = "apps_rtree_testrtree", "apps_rtree_testrtree\apps_rtree_testrtree.vcproj", "{52EEF8B2-C857-43FF-8C2F-DA2027863F08}"
	ProjectSection(ProjectDependencies) = postProject
	EndProjectSection
EndProject
Project("{8BC9CEB8-8B4A-11D0-8D11-00A0C91BC942}") = "apps_spatial_join_sssj", "apps_spatial_join_sssj\apps_spatial_join_sssj.vcproj", "{333E2FE6-316F-45C5-A27D-5EF95ED20806}"
	ProjectSection(ProjectDependencies) = postProject
	EndProjectSection
EndProject
Project("{8BC9CEB8-8B4A-11D0-8D11-00A0C91BC942}") = "apps_visualize_btree", "apps_visualize_btree\apps_visualize_btree.vcproj", "{270D036A-22B5-450D-9753-9429511949F1}"
	ProjectSection(ProjectDependencies) = postProject
	EndProjectSection
EndProject
Project("{8BC9CEB8-8B4A-11D0-8D11-00A0C91BC942}") = "lib", "lib\lib.vcproj", "{8617AC1A-82E1-47EC-84DB-479ABF085357}"
	ProjectSection(ProjectDependencies) = postProject
	EndProjectSection
EndProject
Project("{8BC9CEB8-8B4A-11D0-8D11-00A0C91BC942}") = "test_ami_arith", "test_ami_arith\test_ami_arith.vcproj", "{E8E04CF5-2C9C-47F4-A097-67CC944473ED}"
	ProjectSection(ProjectDependencies) = postProject
	EndProjectSection
EndProject
Project("{8BC9CEB8-8B4A-11D0-8D11-00A0C91BC942}") = "test_ami_bp", "test_ami_bp\test_ami_bp.vcproj", "{10134D02-6345-4C3D-BF5A-F61EA48AB628}"
	ProjectSection(ProjectDependencies) = postProject
	EndProjectSection
EndProject
Project("{8BC9CEB8-8B4A-11D0-8D11-00A0C91BC942}") = "test_ami_btree", "test_ami_btree\test_ami_btree.vcproj", "{F7565D70-2ACC-4534-965E-F5893CF48DAA}"
	ProjectSection(ProjectDependencies) = postProject
	EndProjectSection
EndProject
Project("{8BC9CEB8-8B4A-11D0-8D11-00A0C91BC942}") = "test_ami_gp", "test_ami_gp\test_ami_gp.vcproj", "{23940EF4-4000-4696-92B8-18C4D0602F39}"
	ProjectSection(ProjectDependencies) = postProject
	EndProjectSection
EndProject
Project("{8BC9CEB8-8B4A-11D0-8D11-00A0C91BC942}") = "test_ami_matrix", "test_ami_matrix\test_ami_matrix.vcproj", "{8DB4E520-6BF5-49DE-A709-F5B2BF712F39}"
	ProjectSection(ProjectDependencies) = postProject
	EndProjectSection
EndProject
Project("{8BC9CEB8-8B4A-11D0-8D11-00A0C91BC942}") = "test_ami_matrix_pad", "test_ami_matrix_pad\test_ami_matrix_pad.vcproj", "{251E810C-5387-4036-97B3-9AFD2C17513B}"
	ProjectSection(ProjectDependencies) = postProject
	EndProjectSection
EndProject
Project("{8BC9CEB8-8B4A-11D0-8D11-00A0C91BC942}") = "test_ami_merge", "test_ami_merge\test_ami_merge.vcproj", "{4D03F460-1D9C-410C-B5A2-0D7708D1344C}"
	ProjectSection(ProjectDependencies) = postProject
	EndProjectSection
EndProject
Project("{8BC9CEB8-8B4A-11D0-8D11-00A0C91BC942}") = "test_ami_pmerge", "test_ami_pmerge\test_ami_pmerge.vcproj", "{B389EC91-E008-4893-AE3E-36426F9AC6FB}"
	ProjectSection(ProjectDependencies) = postProject
	EndProjectSection
EndProject
Project("{8BC9CEB8-8B4A-11D0-8D11-00A0C91BC942}") = "test_ami_sm", "test_ami_sm\test_ami_sm.vcproj", "{A291A706-A927-4065-B5FF-6CC56DAAB910}"
	ProjectSection(ProjectDependencies) = postProject
	EndProjectSection
EndProject
Project("{8BC9CEB8-8B4A-11D0-8D11-00A0C91BC942}") = "test_ami_sort", "test_ami_sort\test_ami_sort.vcproj", "{3CDEF9C6-9231-4D5D-A467-E07ADABC7DF0}"
	ProjectSection(ProjectDependencies) = postProject
	EndProjectSection
EndProject
Project("{8BC9CEB8-8B4A-11D0-8D11-00A0C91BC942}") = "test_ami_sort24", "test_ami_sort24\test_ami_sort24.vcproj", "{115F54E2-0C4B-4846-8873-E6060DF5261E}"
	ProjectSection(ProjectDependencies) = postProject
	EndProjectSection
EndProject
Project("{8BC9CEB8-8B4A-11D0-8D11-00A0C91BC942}") = "test_ami_stack", "test_ami_stack\test_ami_stack.vcproj", "{786906AC-5271-4D6E-920F-CAFA8E09EFFA}"
	ProjectSection(ProjectDependencies) = postProject
	EndProjectSection
EndProject
Project("{8BC9CEB8-8B4A-11D0-8D11-00A0C91BC942}") = "test_correctness", "test_correctness\test_correctness.vcproj", "{FA2FABD3-CAA9-47E0-9F85-06F9832CA6D1}"
	ProjectSection(ProjectDependencies) = postProject
	EndProjectSection
EndProject
Project("{8BC9CEB8-8B4A-11D0-8D11-00A0C91BC942}") = "apps_spatial_join_pbsmj", "apps_spatial_join_pbsmj\apps_spatial_join_pbsmj.vcproj", "{01776BC7-6CF6-46ED-98CB-8DC4DF3F1833}"
	ProjectSection(ProjectDependencies) = postProject
	EndProjectSection
EndProject
Project("{8BC9CEB8-8B4A-11D0-8D11-00A0C91BC942}") = "apps_spatial_join_ascii2stream", "apps_spatial_join_ascii2stream\apps_spatial_join_ascii2stream.vcproj", "{8749F5A3-6B35-467B-97D5-59DA94B6AFBD}"
	ProjectSection(ProjectDependencies) = postProject
	EndProjectSection
EndProject
Project("{8BC9CEB8-8B4A-11D0-8D11-00A0C91BC942}") = "apps_spatial_join_mbr", "apps_spatial_join_mbr\apps_spatial_join_mbr.vcproj", "{3EE09D5C-9EE4-4B00-AFED-D35CEF6318F9}"
	ProjectSection(ProjectDependencies) = postProject
	EndProjectSection
EndProject
Global
	GlobalSection(SolutionConfiguration) = preSolution
		Debug = Debug
		Release = Release
	EndGlobalSection
	GlobalSection(ProjectConfiguration) = postSolution
		{06A49A4F-2336-4C30-9B62-4DFD140BE2B6}.Debug.ActiveCfg = Debug|Win32
		{06A49A4F-2336-4C30-9B62-4DFD140BE2B6}.Debug.Build.0 = Debug|Win32
		{06A49A4F-2336-4C30-9B62-4DFD140BE2B6}.Release.ActiveCfg = Release|Win32
		{06A49A4F-2336-4C30-9B62-4DFD140BE2B6}.Release.Build.0 = Release|Win32
		{883F52CC-D6EF-41C8-A55F-DC871E8BDBCE}.Debug.ActiveCfg = Debug|Win32
		{883F52CC-D6EF-41C8-A55F-DC871E8BDBCE}.Debug.Build.0 = Debug|Win32
		{883F52CC-D6EF-41C8-A55F-DC871E8BDBCE}.Release.ActiveCfg = Release|Win32
		{883F52CC-D6EF-41C8-A55F-DC871E8BDBCE}.Release.Build.0 = Release|Win32
		{E41300B4-1767-4AA1-AFA7-8894B7C349C5}.Debug.ActiveCfg = Debug|Win32
		{E41300B4-1767-4AA1-AFA7-8894B7C349C5}.Debug.Build.0 = Debug|Win32
		{E41300B4-1767-4AA1-AFA7-8894B7C349C5}.Release.ActiveCfg = Release|Win32
		{E41300B4-1767-4AA1-AFA7-8894B7C349C5}.Release.Build.0 = Release|Win32
		{674458EC-9EAD-42D1-B79B-F718F286A548}.Debug.ActiveCfg = Debug|Win32
		{674458EC-9EAD-42D1-B79B-F718F286A548}.Debug.Build.0 = Debug|Win32
		{674458EC-9EAD-42D1-B79B-F718F286A548}.Release.ActiveCfg = Release|Win32
		{674458EC-9EAD-42D1-B79B-F718F286A548}.Release.Build.0 = Release|Win32
		{B0BCC107-42B8-4F87-BD8E-1A3A0C263F93}.Debug.ActiveCfg = Debug|Win32
		{B0BCC107-42B8-4F87-BD8E-1A3A0C263F93}.Debug.Build.0 = Debug|Win32
		{B0BCC107-42B8-4F87-BD8E-1A3A0C263F93}.Release.ActiveCfg = Release|Win32
		{B0BCC107-42B8-4F87-BD8E-1A3A0C263F93}.Release.Build.0 = Release|Win32
		{BDF37B02-EC48-44FD-8612-7C112AB89AB9}.Debug.ActiveCfg = Debug|Win32
		{BDF37B02-EC48-44FD-8612-7C112AB89AB9}.Debug.Build.0 = Debug|Win32
		{BDF37B02-EC48-44FD-8612-7C112AB89AB9}.Release.ActiveCfg = Release|Win32
		{BDF37B02-EC48-44FD-8612-7C112AB89AB9}.Release.Build.0 = Release|Win32
		{ECF05A26-C599-4E37-82D5-5844E19A6F81}.Debug.ActiveCfg = Debug|Win32
		{ECF05A26-C599-4E37-82D5-5844E19A6F81}.Debug.Build.0 = Debug|Win32
		{ECF05A26-C599-4E37-82D5-5844E19A6F81}.Release.ActiveCfg = Release|Win32
		{ECF05A26-C599-4E37-82D5-5844E19A6F81}.Release.Build.0 = Release|Win32
		{51DE1378-DDD1-443E-87B4-DAA619EB6F78}.Debug.ActiveCfg = Debug|Win32
		{51DE1378-DDD1-443E-87B4-DAA619EB6F78}.Debug.Build.0 = Debug|Win32
		{51DE1378-DDD1-443E-87B4-DAA619EB6F78}.Release.ActiveCfg = Release|Win32
		{51DE1378-DDD1-443E-87B4-DAA619EB6F78}.Release.Build.0 = Release|Win32
		{13BF7B60-7554-48A5-ADB4-2E61EDE89A00}.Debug.ActiveCfg = Debug|Win32
		{13BF7B60-7554-48A5-ADB4-2E61EDE89A00}.Debug.Build.0 = Debug|Win32
		{13BF7B60-7554-48A5-ADB4-2E61EDE89A00}.Release.ActiveCfg = Release|Win32
		{13BF7B60-7554-48A5-ADB4-2E61EDE89A00}.Release.Build.0 = Release|Win32
		{8C851A39-7F7E-4B81-A81A-BD367B71227E}.Debug.ActiveCfg = Debug|Win32
		{8C851A39-7F7E-4B81-A81A-BD367B71227E}.Debug.Build.0 = Debug|Win32
		{8C851A39-7F7E-4B81-A81A-BD367B71227E}.Release.ActiveCfg = Release|Win32
		{8C851A39-7F7E-4B81-A81A-BD367B71227E}.Release.Build.0 = Release|Win32
		{590F7388-EB6F-4B59-9AA1-F29482F2EA32}.Debug.ActiveCfg = Debug|Win32
		{590F7388-EB6F-4B59-9AA1-F29482F2EA32}.Debug.Build.0 = Debug|Win32
		{590F7388-EB6F-4B59-9AA1-F29482F2EA32}.Release.ActiveCfg = Release|Win32
		{590F7388-EB6F-4B59-9AA1-F29482F2EA32}.Release.Build.0 = Release|Win32
		{87669CB2-66F4-4CB7-8276-5E3B7928AC0D}.Debug.ActiveCfg = Debug|Win32
		{87669CB2-66F4-4CB7-8276-5E3B7928AC0D}.Debug.Build.0 = Debug|Win32
		{87669CB2-66F4-4CB7-8276-5E3B7928AC0D}.Release.ActiveCfg = Release|Win32
		{87669CB2-66F4-4CB7-8276-5E3B7928AC0D}.Release.Build.0 = Release|Win32
		{6DB66138-FB76-4B87-BC04-A6478FEF0543}.Debug.ActiveCfg = Debug|Win32
		{6DB66138-FB76-4B87-BC04-A6478FEF0543}.Debug.Build.0 = Debug|Win32
		{6DB66138-FB76-4B87-BC04-A6478FEF0543}.Release.ActiveCfg = Release|Win32
		{6DB66138-FB76-4B87-BC04-A6478FEF0543}.Release.Build.0 = Release|Win32
		{AAB9AFA1-9B6A-4B46-8AF8-B6324A51CA3D}.Debug.ActiveCfg = Debug|Win32
		{AAB9AFA1-9B6A-4B46-8AF8-B6324A51CA3D}.Debug.Build.0 = Debug|Win32
		{AAB9AFA1-9B6A-4B46-8AF8-B6324A51CA3D}.Release.ActiveCfg = Release|Win32
		{AAB9AFA1-9B6A-4B46-8AF8-B6324A51CA3D}.Release.Build.0 = Release|Win32
		{3216A2E4-3A24-4D7B-B3A9-3C941AB5441B}.Debug.ActiveCfg = Debug|Win32
		{3216A2E4-3A24-4D7B-B3A9-3C941AB5441B}.Debug.Build.0 = Debug|Win32
		{3216A2E4-3A24-4D7B-B3A9-3C941AB5441B}.Release.ActiveCfg = Release|Win32
		{3216A2E4-3A24-4D7B-B3A9-3C941AB5441B}.Release.Build.0 = Release|Win32
		{52EEF8B2-C857-43FF-8C2F-DA2027863F08}.Debug.ActiveCfg = Debug|Win32
		{52EEF8B2-C857-43FF-8C2F-DA2027863F08}.Debug.Build.0 = Debug|Win32
		{52EEF8B2-C857-43FF-8C2F-DA2027863F08}.Release.ActiveCfg = Release|Win32
		{52EEF8B2-C857-43FF-8C2F-DA2027863F08}.Release.Build.0 = Release|Win32
		{333E2FE6-316F-45C5-A27D-5EF95ED20806}.Debug.ActiveCfg = Debug|Win32
		{333E2FE6-316F-45C5-A27D-5EF95ED20806}.Debug.Build.0 = Debug|Win32
		{333E2FE6-316F-45C5-A27D-5EF95ED20806}.Release.ActiveCfg = Release|Win32
		{333E2FE6-316F-45C5-A27D-5EF95ED20806}.Release.Build.0 = Release|Win32
		{270D036A-22B5-450D-9753-9429511949F1}.Debug.ActiveCfg = Debug|Win32
		{270D036A-22B5-450D-9753-9429511949F1}.Debug.Build.0 = Debug|Win32
		{270D036A-22B5-450D-9753-9429511949F1}.Release.ActiveCfg = Release|Win32
		{270D036A-22B5-450D-9753-9429511949F1}.Release.Build.0 = Release|Win32
		{8617AC1A-82E1-47EC-84DB-479ABF085357}.Debug.ActiveCfg = Debug|Win32
		{8617AC1A-82E1-47EC-84DB-479ABF085357}.Debug.Build.0 = Debug|Win32
		{8617AC1A-82E1-47EC-84DB-479ABF085357}.Release.ActiveCfg = Release|Win32
		{8617AC1A-82E1-47EC-84DB-479ABF085357}.Release.Build.0 = Release|Win32
		{E8E04CF5-2C9C-47F4-A097-67CC944473ED}.Debug.ActiveCfg = Debug|Win32
		{E8E04CF5-2C9C-47F4-A097-67CC944473ED}.Debug.Build.0 = Debug|Win32
		{E8E04CF5-2C9C-47F4-A097-67CC944473ED}.Release.ActiveCfg = Release|Win32
		{E8E04CF5-2C9C-47F4-A097-67CC944473ED}.Release.Build.0 = Release|Win32
		{10134D02-6345-4C3D-BF5A-F61EA48AB628}.Debug.ActiveCfg = Debug|Win32
		{10134D02-6345-4C3D-BF5A-F61EA48AB628}.Debug.Build.0 = Debug|Win32
		{10134D02-6345-4C3D-BF5A-F61EA48AB628}.Release.ActiveCfg = Release|Win32
		{10134D02-6345-4C3D-BF5A-F61EA48AB628}.Release.Build.0 = Release|Win32
		{F7565D70-2ACC-4534-965E-F5893CF48DAA}.Debug.ActiveCfg = Debug|Win32
		{F7565D70-2ACC-4534-965E-F5893CF48DAA}.Debug.Build.0 = Debug|Win32
		{F7565D70-2ACC-4534-965E-F5893CF48DAA}.Release.ActiveCfg = Release|Win32
		{F7565D70-2ACC-4534-965E-F5893CF48DAA}.Release.Build.0 = Release|Win32
		{23940EF4-4000-4696-92B8-18C4D0602F39}.Debug.ActiveCfg = Debug|Win32
		{23940EF4-4000-4696-92B8-18C4D0602F39}.Debug.Build.0 = Debug|Win32
		{23940EF4-4000-4696-92B8-18C4D0602F39}.Release.ActiveCfg = Release|Win32
		{23940EF4-4000-4696-92B8-18C4D0602F39}.Release.Build.0 = Release|Win32
		{8DB4E520-6BF5-49DE-A709-F5B2BF712F39}.Debug.ActiveCfg = Debug|Win32
		{8DB4E520-6BF5-49DE-A709-F5B2BF712F39}.Debug.Build.0 = Debug|Win32
		{8DB4E520-6BF5-49DE-A709-F5B2BF712F39}.Release.ActiveCfg = Release|Win32
		{8DB4E520-6BF5-49DE-A709-F5B2BF712F39}.Release.Build.0 = Release|Win32
		{251E810C-5387-4036-97B3-9AFD2C17513B}.Debug.ActiveCfg = Debug|Win32
		{251E810C-5387-4036-97B3-9AFD2C17513B}.Debug.Build.0 = Debug|Win32
		{251E810C-5387-4036-97B3-9AFD2C17513B}.Release.ActiveCfg = Release|Win32
		{251E810C-5387-4036-97B3-9AFD2C17513B}.Release.Build.0 = Release|Win32
		{4D03F460-1D9C-410C-B5A2-0D7708D1344C}.Debug.ActiveCfg = Debug|Win32
		{4D03F460-1D9C-410C-B5A2-0D7708D1344C}.Debug.Build.0 = Debug|Win32
		{4D03F460-1D9C-410C-B5A2-0D7708D1344C}.Release.ActiveCfg = Release|Win32
		{4D03F460-1D9C-410C-B5A2-0D7708D1344C}.Release.Build.0 = Release|Win32
		{B389EC91-E008-4893-AE3E-36426F9AC6FB}.Debug.ActiveCfg = Debug|Win32
		{B389EC91-E008-4893-AE3E-36426F9AC6FB}.Debug.Build.0 = Debug|Win32
		{B389EC91-E008-4893-AE3E-36426F9AC6FB}.Release.ActiveCfg = Release|Win32
		{B389EC91-E008-4893-AE3E-36426F9AC6FB}.Release.Build.0 = Release|Win32
		{A291A706-A927-4065-B5FF-6CC56DAAB910}.Debug.ActiveCfg = Debug|Win32
		{A291A706-A927-4065-B5FF-6CC56DAAB910}.Debug.Build.0 = Debug|Win32
		{A291A706-A927-4065-B5FF-6CC56DAAB910}.Release.ActiveCfg = Release|Win32
		{A291A706-A927-4065-B5FF-6CC56DAAB910}.Release.Build.0 = Release|Win32
		{3CDEF9C6-9231-4D5D-A467-E07ADABC7DF0}.Debug.ActiveCfg = Debug|Win32
		{3CDEF9C6-9231-4D5D-A467-E07ADABC7DF0}.Debug.Build.0 = Debug|Win32
		{3CDEF9C6-9231-4D5D-A467-E07ADABC7DF0}.Release.ActiveCfg = Release|Win32
		{3CDEF9C6-9231-4D5D-A467-E07ADABC7DF0}.Release.Build.0 = Release|Win32
		{115F54E2-0C4B-4846-8873-E6060DF5261E}.Debug.ActiveCfg = Debug|Win32
		{115F54E2-0C4B-4846-8873-E6060DF5261E}.Debug.Build.0 = Debug|Win32
		{115F54E2-0C4B-4846-8873-E6060DF5261E}.Release.ActiveCfg = Release|Win32
		{115F54E2-0C4B-4846-8873-E6060DF5261E}.Release.Build.0 = Release|Win32
		{786906AC-5271-4D6E-920F-CAFA8E09EFFA}.Debug.ActiveCfg = Debug|Win32
		{786906AC-5271-4D6E-920F-CAFA8E09EFFA}.Debug.Build.0 = Debug|Win32
		{786906AC-5271-4D6E-920F-CAFA8E09EFFA}.Release.ActiveCfg = Release|Win32
		{786906AC-5271-4D6E-920F-CAFA8E09EFFA}.Release.Build.0 = Release|Win32
		{FA2FABD3-CAA9-47E0-9F85-06F9832CA6D1}.Debug.ActiveCfg = Debug|Win32
		{FA2FABD3-CAA9-47E0-9F85-06F9832CA6D1}.Debug.Build.0 = Debug|Win32
		{FA2FABD3-CAA9-47E0-9F85-06F9832CA6D1}.Release.ActiveCfg = Release|Win32
		{FA2FABD3-CAA9-47E0-9F85-06F9832CA6D1}.Release.Build.0 = Release|Win32
		{01776BC7-6CF6-46ED-98CB-8DC4DF3F1833}.Debug.ActiveCfg = Debug|Win32
		{01776BC7-6CF6-46ED-98CB-8DC4DF3F1833}.Debug.Build.0 = Debug|Win32
		{01776BC7-6CF6-46ED-98CB-8DC4DF3F1833}.Release.ActiveCfg = Release|Win32
		{01776BC7-6CF6-46ED-98CB-8DC4DF3F1833}.Release.Build.0 = Release|Win32
		{8749F5A3-6B35-467B-97D5-59DA94B6AFBD}.Debug.ActiveCfg = Debug|Win32
		{8749F5A3-6B35-467B-97D5-59DA94B6AFBD}.Debug.Build.0 = Debug|Win32
		{8749F5A3-6B35-467B-97D5-59DA94B6AFBD}.Release.ActiveCfg = Release|Win32
		{8749F5A3-6B35-467B-97D5-59DA94B6AFBD}.Release.Build.0 = Release|Win32
		{3EE09D5C-9EE4-4B00-AFED-D35CEF6318F9}.Debug.ActiveCfg = Debug|Win32
		{3EE09D5C-9EE4-4B00-AFED-D35CEF6318F9}.Debug.Build.0 = Debug|Win32
		{3EE09D5C-9EE4-4B00-AFED-D35CEF6318F9}.Release.ActiveCfg = Release|Win32
		{3EE09D5C-9EE4-4B00-AFED-D35CEF6318F9}.Release.Build.0 = Release|Win32
	EndGlobalSection
	GlobalSection(ExtensibilityGlobals) = postSolution
	EndGlobalSection
	GlobalSection(ExtensibilityAddIns) = postSolution
	EndGlobalSection
EndGlobal
